
Microsoft Visual Studio Solution File, Format Version 12.00
# Visual Studio Version 17
VisualStudioVersion = 17.7.34031.279
MinimumVisualStudioVersion = 10.0.40219.1
Project("{FAE04EC0-301F-11D3-BF4B-00C04F79EFBC}") = "gittest", "gittest.csproj", "{9BBE5AD5-7BBE-486C-B24C-FE06503632C8}"
EndProject
Global
	GlobalSection(SolutionConfigurationPlatforms) = preSolution
		Debug|Any CPU = Debug|Any CPU
		Release|Any CPU = Release|Any CPU
	EndGlobalSection
	GlobalSection(ProjectConfigurationPlatforms) = postSolution
		{9BBE5AD5-7BBE-486C-B24C-FE06503632C8}.Debug|Any CPU.ActiveCfg = Debug|Any CPU
		{9BBE5AD5-7BBE-486C-B24C-FE06503632C8}.Debug|Any CPU.Build.0 = Debug|Any CPU
		{9BBE5AD5-7BBE-486C-B24C-FE06503632C8}.Release|Any CPU.ActiveCfg = Release|Any CPU
		{9BBE5AD5-7BBE-486C-B24C-FE06503632C8}.Release|Any CPU.Build.0 = Release|Any CPU
	EndGlobalSection
	GlobalSection(SolutionProperties) = preSolution
		HideSolutionNode = FALSE
	EndGlobalSection
	GlobalSection(ExtensibilityGlobals) = postSolution
		SolutionGuid = {09B8ECB9-59E8-4B3B-A8CB-99B2BB8DA8F8}
	EndGlobalSection
EndGlobal
